
Microsoft Visual Studio Solution File, Format Version 12.00
Project("{FAE04EC0-301F-11D3-BF4B-00C04F79EFBC}") = "FastCopy", "FastCopy.csproj", "{35C9B11A-17FB-42D3-8537-D9374D15FDCE}"
EndProject
Global
	GlobalSection(SolutionConfigurationPlatforms) = preSolution
		Debug|Any CPU = Debug|Any CPU
		Release|Any CPU = Release|Any CPU
	EndGlobalSection
	GlobalSection(ProjectConfigurationPlatforms) = postSolution
		{35C9B11A-17FB-42D3-8537-D9374D15FDCE}.Debug|Any CPU.ActiveCfg = Debug|Any CPU
		{35C9B11A-17FB-42D3-8537-D9374D15FDCE}.Debug|Any CPU.Build.0 = Debug|Any CPU
		{35C9B11A-17FB-42D3-8537-D9374D15FDCE}.Release|Any CPU.ActiveCfg = Release|Any CPU
		{35C9B11A-17FB-42D3-8537-D9374D15FDCE}.Release|Any CPU.Build.0 = Release|Any CPU
	EndGlobalSection
EndGlobal
